
Microsoft Visual Studio Solution File, Format Version 12.00
# Visual Studio Version 16
VisualStudioVersion = 16.0.810.14
MinimumVisualStudioVersion = 10.0.40219.1
Project("{FAE04EC0-301F-11D3-BF4B-00C04F79EFBC}") = "c-sharp-sdk", "c-sharp-sdk.csproj", "{F7A69DE1-A4FC-47FC-AE90-4BE083D0A089}"
EndProject
Project("{FAE04EC0-301F-11D3-BF4B-00C04F79EFBC}") = "Test", "Test\Test.csproj", "{6B9D38A3-3270-4F5F-AF84-DC9BACE38BA6}"
EndProject
Global
	GlobalSection(SolutionConfigurationPlatforms) = preSolution
		Debug|Any CPU = Debug|Any CPU
		Release|Any CPU = Release|Any CPU
	EndGlobalSection
	GlobalSection(ProjectConfigurationPlatforms) = postSolution
		{F7A69DE1-A4FC-47FC-AE90-4BE083D0A089}.Debug|Any CPU.ActiveCfg = Debug|Any CPU
		{F7A69DE1-A4FC-47FC-AE90-4BE083D0A089}.Debug|Any CPU.Build.0 = Debug|Any CPU
		{F7A69DE1-A4FC-47FC-AE90-4BE083D0A089}.Release|Any CPU.ActiveCfg = Release|Any CPU
		{F7A69DE1-A4FC-47FC-AE90-4BE083D0A089}.Release|Any CPU.Build.0 = Release|Any CPU
		{6B9D38A3-3270-4F5F-AF84-DC9BACE38BA6}.Debug|Any CPU.ActiveCfg = Debug|Any CPU
		{6B9D38A3-3270-4F5F-AF84-DC9BACE38BA6}.Debug|Any CPU.Build.0 = Debug|Any CPU
		{6B9D38A3-3270-4F5F-AF84-DC9BACE38BA6}.Release|Any CPU.ActiveCfg = Release|Any CPU
		{6B9D38A3-3270-4F5F-AF84-DC9BACE38BA6}.Release|Any CPU.Build.0 = Release|Any CPU
	EndGlobalSection
	GlobalSection(SolutionProperties) = preSolution
		HideSolutionNode = FALSE
	EndGlobalSection
	GlobalSection(ExtensibilityGlobals) = postSolution
		SolutionGuid = {74549060-4502-4EFD-B88B-D91FB79D702A}
	EndGlobalSection
	GlobalSection(MonoDevelopProperties) = preSolution
		Policies = $0
		$0.DotNetNamingPolicy = $1
		$1.DirectoryNamespaceAssociation = PrefixedHierarchical
		$0.TextStylePolicy = $2
		$2.inheritsSet = null
		$2.scope = text/x-csharp
		$0.CSharpFormattingPolicy = $3
		$3.scope = text/x-csharp
		$0.TextStylePolicy = $4
		$4.FileWidth = 80
		$4.TabsToSpaces = True
		$4.scope = text/plain
		$0.TextStylePolicy = $5
		$5.inheritsSet = null
		$5.scope = application/x-sh
		$0.TextStylePolicy = $6
		$6.inheritsSet = null
		$6.scope = application/xml
		$0.XmlFormattingPolicy = $7
		$7.scope = application/xml
		version = 1.3.0
	EndGlobalSection
EndGlobal
